Microsoft Visual Studio Solution File, Format Version 12.00
# Visual Studio Version 17
VisualStudioVersion = 17.5.2.0
MinimumVisualStudioVersion = 10.0.40219.1
Project("{FAE04EC0-301F-11D3-BF4B-00C04F79EFBC}") = "PriceIsRight", "PriceIsRight\PriceIsRight.csproj", "{9BFE8178-1E4C-F45D-9751-753596B924C8}"
EndProject
Global
	GlobalSection(SolutionConfigurationPlatforms) = preSolution
		Debug|Any CPU = Debug|Any CPU
		Release|Any CPU = Release|Any CPU
	EndGlobalSection
	GlobalSection(ProjectConfigurationPlatforms) = postSolution
		{9BFE8178-1E4C-F45D-9751-753596B924C8}.Debug|Any CPU.ActiveCfg = Debug|Any CPU
		{9BFE8178-1E4C-F45D-9751-753596B924C8}.Debug|Any CPU.Build.0 = Debug|Any CPU
		{9BFE8178-1E4C-F45D-9751-753596B924C8}.Release|Any CPU.ActiveCfg = Release|Any CPU
		{9BFE8178-1E4C-F45D-9751-753596B924C8}.Release|Any CPU.Build.0 = Release|Any CPU
	EndGlobalSection
	GlobalSection(SolutionProperties) = preSolution
		HideSolutionNode = FALSE
	EndGlobalSection
	GlobalSection(ExtensibilityGlobals) = postSolution
		SolutionGuid = {5CEE45A9-DC0B-4BC1-BB0A-04EE432F22B7}
	EndGlobalSection
EndGlobal
